
Microsoft Visual Studio Solution File, Format Version 12.00
# Visual Studio Version 17
VisualStudioVersion = 17.0.31903.59
MinimumVisualStudioVersion = 10.0.40219.1
Project("{FAE04EC0-301F-11D3-BF4B-00C04F79EFBC}") = "KdsApi", "KdsApi\KdsApi.csproj", "{F53FA2C7-1C67-416F-A939-4F5BD274694B}"
EndProject
Global
	GlobalSection(SolutionConfigurationPlatforms) = preSolution
		Debug|Any CPU = Debug|Any CPU
		Release|Any CPU = Release|Any CPU
	EndGlobalSection
	GlobalSection(SolutionProperties) = preSolution
		HideSolutionNode = FALSE
	EndGlobalSection
	GlobalSection(ProjectConfigurationPlatforms) = postSolution
		{F53FA2C7-1C67-416F-A939-4F5BD274694B}.Debug|Any CPU.ActiveCfg = Debug|Any CPU
		{F53FA2C7-1C67-416F-A939-4F5BD274694B}.Debug|Any CPU.Build.0 = Debug|Any CPU
		{F53FA2C7-1C67-416F-A939-4F5BD274694B}.Release|Any CPU.ActiveCfg = Release|Any CPU
		{F53FA2C7-1C67-416F-A939-4F5BD274694B}.Release|Any CPU.Build.0 = Release|Any CPU
	EndGlobalSection
EndGlobal
